
Microsoft Visual Studio Solution File, Format Version 12.00
# Visual Studio Version 17
VisualStudioVersion = 17.3.32825.248
MinimumVisualStudioVersion = 10.0.40219.1
Project("{FAE04EC0-301F-11D3-BF4B-00C04F79EFBC}") = "Обмен_валют", "Обмен_валют.csproj", "{12C7D455-5925-44D5-9863-64148B32FF3C}"
EndProject
Global
	GlobalSection(SolutionConfigurationPlatforms) = preSolution
		Debug|Any CPU = Debug|Any CPU
		Release|Any CPU = Release|Any CPU
	EndGlobalSection
	GlobalSection(ProjectConfigurationPlatforms) = postSolution
		{12C7D455-5925-44D5-9863-64148B32FF3C}.Debug|Any CPU.ActiveCfg = Debug|Any CPU
		{12C7D455-5925-44D5-9863-64148B32FF3C}.Debug|Any CPU.Build.0 = Debug|Any CPU
		{12C7D455-5925-44D5-9863-64148B32FF3C}.Release|Any CPU.ActiveCfg = Release|Any CPU
		{12C7D455-5925-44D5-9863-64148B32FF3C}.Release|Any CPU.Build.0 = Release|Any CPU
	EndGlobalSection
	GlobalSection(SolutionProperties) = preSolution
		HideSolutionNode = FALSE
	EndGlobalSection
	GlobalSection(ExtensibilityGlobals) = postSolution
		SolutionGuid = {CAD4E4A2-9EA7-40F8-AAD3-FDA03B1F5CA4}
	EndGlobalSection
EndGlobal
